{
  "name": "@soulmeet/stage-three",
  "version": "0.1.0",
  "lockfileVersion": 3,
  "requires": true,
  "packages": {
    "": {
      "name": "@soulmeet/stage-three",
      "version": "0.1.0",
      "dependencies": {
        "@pixiv/three-vrm": "^3.5.0",
        "@tresjs/core": "^5.5.0",
        "@vueuse/core": "^14.0.0",
        "three": "^0.183.0"
      },
      "devDependencies": {
        "@types/three": "^0.183.0",
        "typescript": "^5.5.4",
        "vue": "^3.5.13",
        "vue-tsc": "^2.2.8"
      },
      "peerDependencies": {
        "vue": "^3.5.0"
      }
    },
    "node_modules/@babel/helper-string-parser": {
      "version": "7.27.1",
      "resolved": "https://registry.npmmirror.com/@babel/helper-string-parser/-/helper-string-parser-7.27.1.tgz",
      "integrity": "sha512-qMlSxKbpRlAridDExk92nSobyDdpPijUq2DW6oDnUqd0iOGxmQjyqhMIihI9+zv4LPyZdRje2cavWPbCbWm3eA==",
      "license": "MIT",
      "engines": {
        "node": ">=6.9.0"
      }
    },
    "node_modules/@babel/helper-validator-identifier": {
      "version": "7.28.5",
      "resolved": "https://registry.npmmirror.com/@babel/helper-validator-identifier/-/helper-validator-identifier-7.28.5.tgz",
      "integrity": "sha512-qSs4ifwzKJSV39ucNjsvc6WVHs6b7S03sOh2OcHF9UHfVPqWWALUsNUVzhSBiItjRZoLHx7nIarVjqKVusUZ1Q==",
      "license": "MIT",
      "engines": {
        "node": ">=6.9.0"
      }
    },
    "node_modules/@babel/parser": {
      "version": "7.29.3",
      "resolved": "https://registry.npmmirror.com/@babel/parser/-/parser-7.29.3.tgz",
      "integrity": "sha512-b3ctpQwp+PROvU/cttc4OYl4MzfJUWy6FZg+PMXfzmt/+39iHVF0sDfqay8TQM3JA2EUOyKcFZt75jWriQijsA==",
      "license": "MIT",
      "dependencies": {
        "@babel/types": "^7.29.0"
      },
      "bin": {
        "parser": "bin/babel-parser.js"
      },
      "engines": {
        "node": ">=6.0.0"
      }
    },
    "node_modules/@babel/types": {
      "version": "7.29.0",
      "resolved": "https://registry.npmmirror.com/@babel/types/-/types-7.29.0.tgz",
      "integrity": "sha512-LwdZHpScM4Qz8Xw2iKSzS+cfglZzJGvofQICy7W7v4caru4EaAmyUuO6BGrbyQ2mYV11W0U8j5mBhd14dd3B0A==",
      "license": "MIT",
      "dependencies": {
        "@babel/helper-string-parser": "^7.27.1",
        "@babel/helper-validator-identifier": "^7.28.5"
      },
      "engines": {
        "node": ">=6.9.0"
      }
    },
    "node_modules/@dimforge/rapier3d-compat": {
      "version": "0.12.0",
      "resolved": "https://registry.npmmirror.com/@dimforge/rapier3d-compat/-/rapier3d-compat-0.12.0.tgz",
      "integrity": "sha512-uekIGetywIgopfD97oDL5PfeezkFpNhwlzlaEYNOA0N6ghdsOvh/HYjSMek5Q2O1PYvRSDFcqFVJl4r4ZBwOow==",
      "dev": true,
      "license": "Apache-2.0"
    },
    "node_modules/@jridgewell/sourcemap-codec": {
      "version": "1.5.5",
      "resolved": "https://registry.npmmirror.com/@jridgewell/sourcemap-codec/-/sourcemap-codec-1.5.5.tgz",
      "integrity": "sha512-cYQ9310grqxueWbl+WuIUIaiUaDcj7WOq5fVhEljNVgRfOUhY9fy2zTvfoqWsnebh8Sl70VScFbICvJnLKB0Og==",
      "license": "MIT"
    },
    "node_modules/@pixiv/three-vrm": {
      "version": "3.5.2",
      "resolved": "https://registry.npmmirror.com/@pixiv/three-vrm/-/three-vrm-3.5.2.tgz",
      "integrity": "sha512-YC3T8WZvb18n1uzYS60I9WCc2kOJxWZ/Q0RfklFAg0nD3Dz/kvvEoCYfZj5idnJqOtbLUXZGXZF1KCXKUB2qHg==",
      "license": "MIT",
      "dependencies": {
        "@pixiv/three-vrm-core": "3.5.2",
        "@pixiv/three-vrm-materials-hdr-emissive-multiplier": "3.5.2",
        "@pixiv/three-vrm-materials-mtoon": "3.5.2",
        "@pixiv/three-vrm-materials-v0compat": "3.5.2",
        "@pixiv/three-vrm-node-constraint": "3.5.2",
        "@pixiv/three-vrm-springbone": "3.5.2"
      },
      "peerDependencies": {
        "three": ">=0.137"
      }
    },
    "node_modules/@pixiv/three-vrm-core": {
      "version": "3.5.2",
      "resolved": "https://registry.npmmirror.com/@pixiv/three-vrm-core/-/three-vrm-core-3.5.2.tgz",
      "integrity": "sha512-QFpkCvsD5VMApNyIqFEw1lxSKFCM5X8+715FsfsAOx5mLh2LP0E0pDmqpDjfau/kAkDpWquGwzzHmXdAYjc8mQ==",
      "license": "MIT",
      "dependencies": {
        "@pixiv/types-vrm-0.0": "3.5.2",
        "@pixiv/types-vrmc-vrm-1.0": "3.5.2"
      },
      "peerDependencies": {
        "three": ">=0.137"
      }
    },
    "node_modules/@pixiv/three-vrm-materials-hdr-emissive-multiplier": {
      "version": "3.5.2",
      "resolved": "https://registry.npmmirror.com/@pixiv/three-vrm-materials-hdr-emissive-multiplier/-/three-vrm-materials-hdr-emissive-multiplier-3.5.2.tgz",
      "integrity": "sha512-XJk6l/kexWeYpZmQu0h6VBXPsx4IV2uCN/9EPSJV8usspmP8CcMOsWx/5ESW4DKvGFufbiFZ5J6SGECJOTXTYg==",
      "license": "MIT",
      "dependencies": {
        "@pixiv/types-vrmc-materials-hdr-emissive-multiplier-1.0": "3.5.2"
      },
      "peerDependencies": {
        "three": ">=0.137"
      }
    },
    "node_modules/@pixiv/three-vrm-materials-mtoon": {
      "version": "3.5.2",
      "resolved": "https://registry.npmmirror.com/@pixiv/three-vrm-materials-mtoon/-/three-vrm-materials-mtoon-3.5.2.tgz",
      "integrity": "sha512-P0oobZJ+JrMae7jdGgHqQqcoHpp3WYXq5blyCMybfsgxh9KtDzJ2NpBXf57LQlkN0cD6iT0R299tAqfH/1Uqcg==",
      "license": "MIT",
      "dependencies": {
        "@pixiv/types-vrm-0.0": "3.5.2",
        "@pixiv/types-vrmc-materials-mtoon-1.0": "3.5.2"
      },
      "peerDependencies": {
        "three": ">=0.137"
      }
    },
    "node_modules/@pixiv/three-vrm-materials-v0compat": {
      "version": "3.5.2",
      "resolved": "https://registry.npmmirror.com/@pixiv/three-vrm-materials-v0compat/-/three-vrm-materials-v0compat-3.5.2.tgz",
      "integrity": "sha512-KuAq0ewDGqDKP8lmLAFrhpwRhYnUhnck6HqjO90XJM1b6HgoqyZK2CNOfTsgJQMJgp7sXF6J0EhjCkBiXTNvGA==",
      "license": "MIT",
      "dependencies": {
        "@pixiv/types-vrm-0.0": "3.5.2",
        "@pixiv/types-vrmc-materials-mtoon-1.0": "3.5.2"
      },
      "peerDependencies": {
        "three": ">=0.137"
      }
    },
    "node_modules/@pixiv/three-vrm-node-constraint": {
      "version": "3.5.2",
      "resolved": "https://registry.npmmirror.com/@pixiv/three-vrm-node-constraint/-/three-vrm-node-constraint-3.5.2.tgz",
      "integrity": "sha512-jUBL6XkgTKhf/YgkDILHYAjOlN4n1Oz2dSSSvIfbJ0RVDah9jACm2775ZTult9ADgWmyvBsJQUr5u8JWOMLOKg==",
      "license": "MIT",
      "dependencies": {
        "@pixiv/types-vrmc-node-constraint-1.0": "3.5.2"
      },
      "peerDependencies": {
        "three": ">=0.137"
      }
    },
    "node_modules/@pixiv/three-vrm-springbone": {
      "version": "3.5.2",
      "resolved": "https://registry.npmmirror.com/@pixiv/three-vrm-springbone/-/three-vrm-springbone-3.5.2.tgz",
      "integrity": "sha512-+V3ok2W93f7U4wTcclgZxwz3hKe78DjStl1lCBsORKTo21tLMHyeHoNDQCJ8i1bvjLrr4QLfGYH/oBbVNPxvWQ==",
      "license": "MIT",
      "dependencies": {
        "@pixiv/types-vrm-0.0": "3.5.2",
        "@pixiv/types-vrmc-springbone-1.0": "3.5.2",
        "@pixiv/types-vrmc-springbone-extended-collider-1.0": "3.5.2"
      },
      "peerDependencies": {
        "three": ">=0.137"
      }
    },
    "node_modules/@pixiv/types-vrm-0.0": {
      "version": "3.5.2",
      "resolved": "https://registry.npmmirror.com/@pixiv/types-vrm-0.0/-/types-vrm-0.0-3.5.2.tgz",
      "integrity": "sha512-H+aiDQqezc1plVJFyvxK4/gfFtpKlK9WghumHGm+dnsRoROLmUZw6sQoHmpd9UoXI2hu1UHiIyyJLHP/MMaWhQ==",
      "license": "MIT"
    },
    "node_modules/@pixiv/types-vrmc-materials-hdr-emissive-multiplier-1.0": {
      "version": "3.5.2",
      "resolved": "https://registry.npmmirror.com/@pixiv/types-vrmc-materials-hdr-emissive-multiplier-1.0/-/types-vrmc-materials-hdr-emissive-multiplier-1.0-3.5.2.tgz",
      "integrity": "sha512-dv8oJ8uFRsGqLUtV75Dovmg3lbTbu5oi5s+P/5+oPy7LCs/JsJtSDXCycDwQBYtrie797VMHp4b7G8TvGCP+gQ==",
      "license": "MIT"
    },
    "node_modules/@pixiv/types-vrmc-materials-mtoon-1.0": {
      "version": "3.5.2",
      "resolved": "https://registry.npmmirror.com/@pixiv/types-vrmc-materials-mtoon-1.0/-/types-vrmc-materials-mtoon-1.0-3.5.2.tgz",
      "integrity": "sha512-dXC9vphdKDKQNpPpj61l+nveQK/soYFpfFqr74hKo/7BaYm5B6nZ6uImQYPCD7U2WICUF91lBoRYKD9ONTPHmQ==",
      "license": "MIT"
    },
    "node_modules/@pixiv/types-vrmc-node-constraint-1.0": {
      "version": "3.5.2",
      "resolved": "https://registry.npmmirror.com/@pixiv/types-vrmc-node-constraint-1.0/-/types-vrmc-node-constraint-1.0-3.5.2.tgz",
      "integrity": "sha512-4swBTE/FgQlpfOPnnFQFD7GF/XiNB883prIr2KOhAqru0VjOyiYDQPIZTwynKtBFCIjUxp9DW4YQzR6ETqhQmw==",
      "license": "MIT"
    },
    "node_modules/@pixiv/types-vrmc-springbone-1.0": {
      "version": "3.5.2",
      "resolved": "https://registry.npmmirror.com/@pixiv/types-vrmc-springbone-1.0/-/types-vrmc-springbone-1.0-3.5.2.tgz",
      "integrity": "sha512-Au+nszNPbOuaCdaymOQ5jXFknWb5Md7xjCzoP9aPAHeh1uRKHccR1MErtzuRit/9L6mNhW1OneXet9+Ple5GmQ==",
      "license": "MIT"
    },
    "node_modules/@pixiv/types-vrmc-springbone-extended-collider-1.0": {
      "version": "3.5.2",
      "resolved": "https://registry.npmmirror.com/@pixiv/types-vrmc-springbone-extended-collider-1.0/-/types-vrmc-springbone-extended-collider-1.0-3.5.2.tgz",
      "integrity": "sha512-W1CeeAwm6ybiWHrQcqOFOvcO/9LKzLA2fA0wBT30BCwvQFLIwo77mU91N88+TcEeXdH+RxVil/oEdVH7aFZ6nw==",
      "license": "MIT"
    },
    "node_modules/@pixiv/types-vrmc-vrm-1.0": {
      "version": "3.5.2",
      "resolved": "https://registry.npmmirror.com/@pixiv/types-vrmc-vrm-1.0/-/types-vrmc-vrm-1.0-3.5.2.tgz",
      "integrity": "sha512-kgvRCJc9J0ruaVIxC5R9x4ZYNpM1bxs7vSMcl4SYPi2+baolHvXQiH0kFaN61+rFleld+sOOjDHtE98egY2dxQ==",
      "license": "MIT"
    },
    "node_modules/@pmndrs/pointer-events": {
      "version": "6.6.29",
      "resolved": "https://registry.npmmirror.com/@pmndrs/pointer-events/-/pointer-events-6.6.29.tgz",
      "integrity": "sha512-o4YD6VfJgDYjFgde/YyAw2X5KY454tdmOXrHGOvKTWJBHzkL90B5vH4rqmexwRVvaDfT3YLvVh/Dm5cBbgZXMg==",
      "license": "SEE LICENSE IN LICENSE"
    },
    "node_modules/@tresjs/core": {
      "version": "5.8.0",
      "resolved": "https://registry.npmmirror.com/@tresjs/core/-/core-5.8.0.tgz",
      "integrity": "sha512-l0ThyBNpEUxIem3iJt1g4Fuhx2FGUYnm8xJzdGAqZeD7E1ofbh0AzKTd7xHKoHhHM/Cdd4MVY2qVz8wXRQs0gg==",
      "license": "MIT",
      "dependencies": {
        "@pmndrs/pointer-events": "^6.6.17",
        "@vue/devtools-api": "^7.7.2",
        "@vueuse/core": "^13.9.0",
        "radashi": "^12.6.2"
      },
      "peerDependencies": {
        "three": ">=0.133",
        "vue": ">=3.4"
      }
    },
    "node_modules/@tresjs/core/node_modules/@vueuse/core": {
      "version": "13.9.0",
      "resolved": "https://registry.npmmirror.com/@vueuse/core/-/core-13.9.0.tgz",
      "integrity": "sha512-ts3regBQyURfCE2BcytLqzm8+MmLlo5Ln/KLoxDVcsZ2gzIwVNnQpQOL/UKV8alUqjSZOlpFZcRNsLRqj+OzyA==",
      "license": "MIT",
      "dependencies": {
        "@types/web-bluetooth": "^0.0.21",
        "@vueuse/metadata": "13.9.0",
        "@vueuse/shared": "13.9.0"
      },
      "funding": {
        "url": "https://github.com/sponsors/antfu"
      },
      "peerDependencies": {
        "vue": "^3.5.0"
      }
    },
    "node_modules/@tresjs/core/node_modules/@vueuse/metadata": {
      "version": "13.9.0",
      "resolved": "https://registry.npmmirror.com/@vueuse/metadata/-/metadata-13.9.0.tgz",
      "integrity": "sha512-1AFRvuiGphfF7yWixZa0KwjYH8ulyjDCC0aFgrGRz8+P4kvDFSdXLVfTk5xAN9wEuD1J6z4/myMoYbnHoX07zg==",
      "license": "MIT",
      "funding": {
        "url": "https://github.com/sponsors/antfu"
      }
    },
    "node_modules/@tresjs/core/node_modules/@vueuse/shared": {
      "version": "13.9.0",
      "resolved": "https://registry.npmmirror.com/@vueuse/shared/-/shared-13.9.0.tgz",
      "integrity": "sha512-e89uuTLMh0U5cZ9iDpEI2senqPGfbPRTHM/0AaQkcxnpqjkZqDYP8rpfm7edOz8s+pOCOROEy1PIveSW8+fL5g==",
      "license": "MIT",
      "funding": {
        "url": "https://github.com/sponsors/antfu"
      },
      "peerDependencies": {
        "vue": "^3.5.0"
      }
    },
    "node_modules/@tweenjs/tween.js": {
      "version": "23.1.3",
      "resolved": "https://registry.npmmirror.com/@tweenjs/tween.js/-/tween.js-23.1.3.tgz",
      "integrity": "sha512-vJmvvwFxYuGnF2axRtPYocag6Clbb5YS7kLL+SO/TeVFzHqDIWrNKYtcsPMibjDx9O+bu+psAy9NKfWklassUA==",
      "dev": true,
      "license": "MIT"
    },
    "node_modules/@types/stats.js": {
      "version": "0.17.4",
      "resolved": "https://registry.npmmirror.com/@types/stats.js/-/stats.js-0.17.4.tgz",
      "integrity": "sha512-jIBvWWShCvlBqBNIZt0KAshWpvSjhkwkEu4ZUcASoAvhmrgAUI2t1dXrjSL4xXVLB4FznPrIsX3nKXFl/Dt4vA==",
      "dev": true,
      "license": "MIT"
    },
    "node_modules/@types/three": {
      "version": "0.183.1",
      "resolved": "https://registry.npmmirror.com/@types/three/-/three-0.183.1.tgz",
      "integrity": "sha512-f2Pu5Hrepfgavttdye3PsH5RWyY/AvdZQwIVhrc4uNtvF7nOWJacQKcoVJn0S4f0yYbmAE6AR+ve7xDcuYtMGw==",
      "dev": true,
      "license": "MIT",
      "dependencies": {
        "@dimforge/rapier3d-compat": "~0.12.0",
        "@tweenjs/tween.js": "~23.1.3",
        "@types/stats.js": "*",
        "@types/webxr": ">=0.5.17",
        "@webgpu/types": "*",
        "fflate": "~0.8.2",
        "meshoptimizer": "~1.0.1"
      }
    },
    "node_modules/@types/web-bluetooth": {
      "version": "0.0.21",
      "resolved": "https://registry.npmmirror.com/@types/web-bluetooth/-/web-bluetooth-0.0.21.tgz",
      "integrity": "sha512-oIQLCGWtcFZy2JW77j9k8nHzAOpqMHLQejDA48XXMWH6tjCQHz5RCFz1bzsmROyL6PUm+LLnUiI4BCn221inxA==",
      "license": "MIT"
    },
    "node_modules/@types/webxr": {
      "version": "0.5.24",
      "resolved": "https://registry.npmmirror.com/@types/webxr/-/webxr-0.5.24.tgz",
      "integrity": "sha512-h8fgEd/DpoS9CBrjEQXR+dIDraopAEfu4wYVNY2tEPwk60stPWhvZMf4Foo5FakuQ7HFZoa8WceaWFervK2Ovg==",
      "dev": true,
      "license": "MIT"
    },
    "node_modules/@volar/language-core": {
      "version": "2.4.15",
      "resolved": "https://registry.npmmirror.com/@volar/language-core/-/language-core-2.4.15.tgz",
      "integrity": "sha512-3VHw+QZU0ZG9IuQmzT68IyN4hZNd9GchGPhbD9+pa8CVv7rnoOZwo7T8weIbrRmihqy3ATpdfXFnqRrfPVK6CA==",
      "dev": true,
      "license": "MIT",
      "dependencies": {
        "@volar/source-map": "2.4.15"
      }
    },
    "node_modules/@volar/source-map": {
      "version": "2.4.15",
      "resolved": "https://registry.npmmirror.com/@volar/source-map/-/source-map-2.4.15.tgz",
      "integrity": "sha512-CPbMWlUN6hVZJYGcU/GSoHu4EnCHiLaXI9n8c9la6RaI9W5JHX+NqG+GSQcB0JdC2FIBLdZJwGsfKyBB71VlTg==",
      "dev": true,
      "license": "MIT"
    },
    "node_modules/@volar/typescript": {
      "version": "2.4.15",
      "resolved": "https://registry.npmmirror.com/@volar/typescript/-/typescript-2.4.15.tgz",
      "integrity": "sha512-2aZ8i0cqPGjXb4BhkMsPYDkkuc2ZQ6yOpqwAuNwUoncELqoy5fRgOQtLR9gB0g902iS0NAkvpIzs27geVyVdPg==",
      "dev": true,
      "license": "MIT",
      "dependencies": {
        "@volar/language-core": "2.4.15",
        "path-browserify": "^1.0.1",
        "vscode-uri": "^3.0.8"
      }
    },
    "node_modules/@vue/compiler-core": {
      "version": "3.5.34",
      "resolved": "https://registry.npmmirror.com/@vue/compiler-core/-/compiler-core-3.5.34.tgz",
      "integrity": "sha512-s9cLyK5mLcvZ4Agva5QgRsQyLKvts9WbU9DB6NqiZkkGEdwmcEiylj5Jbwkp680drF/NNCV8OlAJSe+yMLxaJw==",
      "license": "MIT",
      "dependencies": {
        "@babel/parser": "^7.29.3",
        "@vue/shared": "3.5.34",
        "entities": "^7.0.1",
        "estree-walker": "^2.0.2",
        "source-map-js": "^1.2.1"
      }
    },
    "node_modules/@vue/compiler-dom": {
      "version": "3.5.34",
      "resolved": "https://registry.npmmirror.com/@vue/compiler-dom/-/compiler-dom-3.5.34.tgz",
      "integrity": "sha512-EbF/T++k0e2MMZlJsBhzK8Sgwt0HcIPOhzn1CTB/lv6sQcyk+OWf8YeiLxZp3ro7MbbLcAfAJ6sEvjFWuNgUCw==",
      "license": "MIT",
      "dependencies": {
        "@vue/compiler-core": "3.5.34",
        "@vue/shared": "3.5.34"
      }
    },
    "node_modules/@vue/compiler-sfc": {
      "version": "3.5.34",
      "resolved": "https://registry.npmmirror.com/@vue/compiler-sfc/-/compiler-sfc-3.5.34.tgz",
      "integrity": "sha512-D/ihr6uZeIt6r+pVZf46RWT1fAsLFMbUP7k8G1VkiiWexriED9GrX3echHd4Abbt17zjlfiFJ8z7a3BxZOPNjg==",
      "license": "MIT",
      "dependencies": {
        "@babel/parser": "^7.29.3",
        "@vue/compiler-core": "3.5.34",
        "@vue/compiler-dom": "3.5.34",
        "@vue/compiler-ssr": "3.5.34",
        "@vue/shared": "3.5.34",
        "estree-walker": "^2.0.2",
        "magic-string": "^0.30.21",
        "postcss": "^8.5.14",
        "source-map-js": "^1.2.1"
      }
    },
    "node_modules/@vue/compiler-ssr": {
      "version": "3.5.34",
      "resolved": "https://registry.npmmirror.com/@vue/compiler-ssr/-/compiler-ssr-3.5.34.tgz",
      "integrity": "sha512-cDtTHKibkThKGHH1SP+WdccquNRYQDFH6rRjQCqT9G2ltFAfoR5pUftpab/z+aM5mW9HLLVQW7hfKKQe/1GBeQ==",
      "license": "MIT",
      "dependencies": {
        "@vue/compiler-dom": "3.5.34",
        "@vue/shared": "3.5.34"
      }
    },
    "node_modules/@vue/compiler-vue2": {
      "version": "2.7.16",
      "resolved": "https://registry.npmmirror.com/@vue/compiler-vue2/-/compiler-vue2-2.7.16.tgz",
      "integrity": "sha512-qYC3Psj9S/mfu9uVi5WvNZIzq+xnXMhOwbTFKKDD7b1lhpnn71jXSFdTQ+WsIEk0ONCd7VV2IMm7ONl6tbQ86A==",
      "dev": true,
      "license": "MIT",
      "dependencies": {
        "de-indent": "^1.0.2",
        "he": "^1.2.0"
      }
    },
    "node_modules/@vue/devtools-api": {
      "version": "7.7.9",
      "resolved": "https://registry.npmmirror.com/@vue/devtools-api/-/devtools-api-7.7.9.tgz",
      "integrity": "sha512-kIE8wvwlcZ6TJTbNeU2HQNtaxLx3a84aotTITUuL/4bzfPxzajGBOoqjMhwZJ8L9qFYDU/lAYMEEm11dnZOD6g==",
      "license": "MIT",
      "dependencies": {
        "@vue/devtools-kit": "^7.7.9"
      }
    },
    "node_modules/@vue/devtools-kit": {
      "version": "7.7.9",
      "resolved": "https://registry.npmmirror.com/@vue/devtools-kit/-/devtools-kit-7.7.9.tgz",
      "integrity": "sha512-PyQ6odHSgiDVd4hnTP+aDk2X4gl2HmLDfiyEnn3/oV+ckFDuswRs4IbBT7vacMuGdwY/XemxBoh302ctbsptuA==",
      "license": "MIT",
      "dependencies": {
        "@vue/devtools-shared": "^7.7.9",
        "birpc": "^2.3.0",
        "hookable": "^5.5.3",
        "mitt": "^3.0.1",
        "perfect-debounce": "^1.0.0",
        "speakingurl": "^14.0.1",
        "superjson": "^2.2.2"
      }
    },
    "node_modules/@vue/devtools-shared": {
      "version": "7.7.9",
      "resolved": "https://registry.npmmirror.com/@vue/devtools-shared/-/devtools-shared-7.7.9.tgz",
      "integrity": "sha512-iWAb0v2WYf0QWmxCGy0seZNDPdO3Sp5+u78ORnyeonS6MT4PC7VPrryX2BpMJrwlDeaZ6BD4vP4XKjK0SZqaeA==",
      "license": "MIT",
      "dependencies": {
        "rfdc": "^1.4.1"
      }
    },
    "node_modules/@vue/language-core": {
      "version": "2.2.12",
      "resolved": "https://registry.npmmirror.com/@vue/language-core/-/language-core-2.2.12.tgz",
      "integrity": "sha512-IsGljWbKGU1MZpBPN+BvPAdr55YPkj2nB/TBNGNC32Vy2qLG25DYu/NBN2vNtZqdRbTRjaoYrahLrToim2NanA==",
      "dev": true,
      "license": "MIT",
      "dependencies": {
        "@volar/language-core": "2.4.15",
        "@vue/compiler-dom": "^3.5.0",
        "@vue/compiler-vue2": "^2.7.16",
        "@vue/shared": "^3.5.0",
        "alien-signals": "^1.0.3",
        "minimatch": "^9.0.3",
        "muggle-string": "^0.4.1",
        "path-browserify": "^1.0.1"
      },
      "peerDependencies": {
        "typescript": "*"
      },
      "peerDependenciesMeta": {
        "typescript": {
          "optional": true
        }
      }
    },
    "node_modules/@vue/reactivity": {
      "version": "3.5.34",
      "resolved": "https://registry.npmmirror.com/@vue/reactivity/-/reactivity-3.5.34.tgz",
      "integrity": "sha512-y9XDjCEuBp+98k+UL5dbYkh57AHU4o6cxZedOPXw3bmrZZYLQsVHguGurq7hVrPCSrQtrnz1f9dssyFr+dMXfQ==",
      "license": "MIT",
      "dependencies": {
        "@vue/shared": "3.5.34"
      }
    },
    "node_modules/@vue/runtime-core": {
      "version": "3.5.34",
      "resolved": "https://registry.npmmirror.com/@vue/runtime-core/-/runtime-core-3.5.34.tgz",
      "integrity": "sha512-mKeBYvu8tcMSLhypAHBmriUFfWXKTCF/23Z4jiCoYK3UtWepkliViNLuR90V9XOyD62mUxs9p1jsrpK3CCGIzw==",
      "license": "MIT",
      "dependencies": {
        "@vue/reactivity": "3.5.34",
        "@vue/shared": "3.5.34"
      }
    },
    "node_modules/@vue/runtime-dom": {
      "version": "3.5.34",
      "resolved": "https://registry.npmmirror.com/@vue/runtime-dom/-/runtime-dom-3.5.34.tgz",
      "integrity": "sha512-e8kZzERmCwUnBRVsgSQlAfrfU2rGoy0FFKPBXSlfEjc/O3KfA7QP0t1/2ZylrbchjmIKB4dPTd07A6WPr0eOrg==",
      "license": "MIT",
      "dependencies": {
        "@vue/reactivity": "3.5.34",
        "@vue/runtime-core": "3.5.34",
        "@vue/shared": "3.5.34",
        "csstype": "^3.2.3"
      }
    },
    "node_modules/@vue/server-renderer": {
      "version": "3.5.34",
      "resolved": "https://registry.npmmirror.com/@vue/server-renderer/-/server-renderer-3.5.34.tgz",
      "integrity": "sha512-nHxmJoTrKsmrkbILRhkC9gY1G3moZbJTqCzDd7DOOzG5KH9oeJ0Unqrff5f9v0pW//jES05ZkJcNtfE8JjOIew==",
      "license": "MIT",
      "dependencies": {
        "@vue/compiler-ssr": "3.5.34",
        "@vue/shared": "3.5.34"
      },
      "peerDependencies": {
        "vue": "3.5.34"
      }
    },
    "node_modules/@vue/shared": {
      "version": "3.5.34",
      "resolved": "https://registry.npmmirror.com/@vue/shared/-/shared-3.5.34.tgz",
      "integrity": "sha512-24uqU4OIiX29ryC3MeWid/Xf2fa2EFRUVLb77nRhk+UrTVrh/XiGtFAFmJBAtBRbjwNdsPRP+jj/OL27Eg1NDA==",
      "license": "MIT"
    },
    "node_modules/@vueuse/core": {
      "version": "14.3.0",
      "resolved": "https://registry.npmmirror.com/@vueuse/core/-/core-14.3.0.tgz",
      "integrity": "sha512-aHfz47g0ZhMtTVHmIzMVpJy8ePhhOy68GY5bv110+5DVtZ+W7BsOx+m61UNQqfrWyPztIHIanWa3E2tib3NFIw==",
      "license": "MIT",
      "dependencies": {
        "@types/web-bluetooth": "^0.0.21",
        "@vueuse/metadata": "14.3.0",
        "@vueuse/shared": "14.3.0"
      },
      "funding": {
        "url": "https://github.com/sponsors/antfu"
      },
      "peerDependencies": {
        "vue": "^3.5.0"
      }
    },
    "node_modules/@vueuse/metadata": {
      "version": "14.3.0",
      "resolved": "https://registry.npmmirror.com/@vueuse/metadata/-/metadata-14.3.0.tgz",
      "integrity": "sha512-BwxmbAzwAVF50+MW57GXOUEV61nFBGnlBvrTqj49PqWJu3uw7hdu72ztXeZ33RdZtDY6kO+bfCAE1PCn88Tktw==",
      "license": "MIT",
      "funding": {
        "url": "https://github.com/sponsors/antfu"
      }
    },
    "node_modules/@vueuse/shared": {
      "version": "14.3.0",
      "resolved": "https://registry.npmmirror.com/@vueuse/shared/-/shared-14.3.0.tgz",
      "integrity": "sha512-bZpge9eSXwa4ToSiqJ7j6KRwhAsneMFoSz3LMWKQDkqimm3D/tbFlrklrs/IOqC8tEcYmXQZJ6N0UrjhBirVCg==",
      "license": "MIT",
      "funding": {
        "url": "https://github.com/sponsors/antfu"
      },
      "peerDependencies": {
        "vue": "^3.5.0"
      }
    },
    "node_modules/@webgpu/types": {
      "version": "0.1.69",
      "resolved": "https://registry.npmmirror.com/@webgpu/types/-/types-0.1.69.tgz",
      "integrity": "sha512-RPmm6kgRbI8e98zSD3RVACvnuktIja5+yLgDAkTmxLr90BEwdTXRQWNLF3ETTTyH/8mKhznZuN5AveXYFEsMGQ==",
      "dev": true,
      "license": "BSD-3-Clause"
    },
    "node_modules/alien-signals": {
      "version": "1.0.13",
      "resolved": "https://registry.npmmirror.com/alien-signals/-/alien-signals-1.0.13.tgz",
      "integrity": "sha512-OGj9yyTnJEttvzhTUWuscOvtqxq5vrhF7vL9oS0xJ2mK0ItPYP1/y+vCFebfxoEyAz0++1AIwJ5CMr+Fk3nDmg==",
      "dev": true,
      "license": "MIT"
    },
    "node_modules/balanced-match": {
      "version": "1.0.2",
      "resolved": "https://registry.npmmirror.com/balanced-match/-/balanced-match-1.0.2.tgz",
      "integrity": "sha512-3oSeUO0TMV67hN1AmbXsK4yaqU7tjiHlbxRDZOpH0KW9+CeX4bRAaX0Anxt0tx2MrpRpWwQaPwIlISEJhYU5Pw==",
      "dev": true,
      "license": "MIT"
    },
    "node_modules/birpc": {
      "version": "2.9.0",
      "resolved": "https://registry.npmmirror.com/birpc/-/birpc-2.9.0.tgz",
      "integrity": "sha512-KrayHS5pBi69Xi9JmvoqrIgYGDkD6mcSe/i6YKi3w5kekCLzrX4+nawcXqrj2tIp50Kw/mT/s3p+GVK0A0sKxw==",
      "license": "MIT",
      "funding": {
        "url": "https://github.com/sponsors/antfu"
      }
    },
    "node_modules/brace-expansion": {
      "version": "2.1.0",
      "resolved": "https://registry.npmmirror.com/brace-expansion/-/brace-expansion-2.1.0.tgz",
      "integrity": "sha512-TN1kCZAgdgweJhWWpgKYrQaMNHcDULHkWwQIspdtjV4Y5aurRdZpjAqn6yX3FPqTA9ngHCc4hJxMAMgGfve85w==",
      "dev": true,
      "license": "MIT",
      "dependencies": {
        "balanced-match": "^1.0.0"
      }
    },
    "node_modules/copy-anything": {
      "version": "4.0.5",
      "resolved": "https://registry.npmmirror.com/copy-anything/-/copy-anything-4.0.5.tgz",
      "integrity": "sha512-7Vv6asjS4gMOuILabD3l739tsaxFQmC+a7pLZm02zyvs8p977bL3zEgq3yDk5rn9B0PbYgIv++jmHcuUab4RhA==",
      "license": "MIT",
      "dependencies": {
        "is-what": "^5.2.0"
      },
      "engines": {
        "node": ">=18"
      },
      "funding": {
        "url": "https://github.com/sponsors/mesqueeb"
      }
    },
    "node_modules/csstype": {
      "version": "3.2.3",
      "resolved": "https://registry.npmmirror.com/csstype/-/csstype-3.2.3.tgz",
      "integrity": "sha512-z1HGKcYy2xA8AGQfwrn0PAy+PB7X/GSj3UVJW9qKyn43xWa+gl5nXmU4qqLMRzWVLFC8KusUX8T/0kCiOYpAIQ==",
      "license": "MIT"
    },
    "node_modules/de-indent": {
      "version": "1.0.2",
      "resolved": "https://registry.npmmirror.com/de-indent/-/de-indent-1.0.2.tgz",
      "integrity": "sha512-e/1zu3xH5MQryN2zdVaF0OrdNLUbvWxzMbi+iNA6Bky7l1RoP8a2fIbRocyHclXt/arDrrR6lL3TqFD9pMQTsg==",
      "dev": true,
      "license": "MIT"
    },
    "node_modules/entities": {
      "version": "7.0.1",
      "resolved": "https://registry.npmmirror.com/entities/-/entities-7.0.1.tgz",
      "integrity": "sha512-TWrgLOFUQTH994YUyl1yT4uyavY5nNB5muff+RtWaqNVCAK408b5ZnnbNAUEWLTCpum9w6arT70i1XdQ4UeOPA==",
      "license": "BSD-2-Clause",
      "engines": {
        "node": ">=0.12"
      },
      "funding": {
        "url": "https://github.com/fb55/entities?sponsor=1"
      }
    },
    "node_modules/estree-walker": {
      "version": "2.0.2",
      "resolved": "https://registry.npmmirror.com/estree-walker/-/estree-walker-2.0.2.tgz",
      "integrity": "sha512-Rfkk/Mp/DL7JVje3u18FxFujQlTNR2q6QfMSMB7AvCBx91NGj/ba3kCfza0f6dVDbw7YlRf/nDrn7pQrCCyQ/w==",
      "license": "MIT"
    },
    "node_modules/fflate": {
      "version": "0.8.2",
      "resolved": "https://registry.npmmirror.com/fflate/-/fflate-0.8.2.tgz",
      "integrity": "sha512-cPJU47OaAoCbg0pBvzsgpTPhmhqI5eJjh/JIu8tPj5q+T7iLvW/JAYUqmE7KOB4R1ZyEhzBaIQpQpardBF5z8A==",
      "dev": true,
      "license": "MIT"
    },
    "node_modules/he": {
      "version": "1.2.0",
      "resolved": "https://registry.npmmirror.com/he/-/he-1.2.0.tgz",
      "integrity": "sha512-F/1DnUGPopORZi0ni+CvrCgHQ5FyEAHRLSApuYWMmrbSwoN2Mn/7k+Gl38gJnR7yyDZk6WLXwiGod1JOWNDKGw==",
      "dev": true,
      "license": "MIT",
      "bin": {
        "he": "bin/he"
      }
    },
    "node_modules/hookable": {
      "version": "5.5.3",
      "resolved": "https://registry.npmmirror.com/hookable/-/hookable-5.5.3.tgz",
      "integrity": "sha512-Yc+BQe8SvoXH1643Qez1zqLRmbA5rCL+sSmk6TVos0LWVfNIB7PGncdlId77WzLGSIB5KaWgTaNTs2lNVEI6VQ==",
      "license": "MIT"
    },
    "node_modules/is-what": {
      "version": "5.5.0",
      "resolved": "https://registry.npmmirror.com/is-what/-/is-what-5.5.0.tgz",
      "integrity": "sha512-oG7cgbmg5kLYae2N5IVd3jm2s+vldjxJzK1pcu9LfpGuQ93MQSzo0okvRna+7y5ifrD+20FE8FvjusyGaz14fw==",
      "license": "MIT",
      "engines": {
        "node": ">=18"
      },
      "funding": {
        "url": "https://github.com/sponsors/mesqueeb"
      }
    },
    "node_modules/magic-string": {
      "version": "0.30.21",
      "resolved": "https://registry.npmmirror.com/magic-string/-/magic-string-0.30.21.tgz",
      "integrity": "sha512-vd2F4YUyEXKGcLHoq+TEyCjxueSeHnFxyyjNp80yg0XV4vUhnDer/lvvlqM/arB5bXQN5K2/3oinyCRyx8T2CQ==",
      "license": "MIT",
      "dependencies": {
        "@jridgewell/sourcemap-codec": "^1.5.5"
      }
    },
    "node_modules/meshoptimizer": {
      "version": "1.0.1",
      "resolved": "https://registry.npmmirror.com/meshoptimizer/-/meshoptimizer-1.0.1.tgz",
      "integrity": "sha512-Vix+QlA1YYT3FwmBBZ+49cE5y/b+pRrcXKqGpS5ouh33d3lSp2PoTpCw19E0cKDFWalembrHnIaZetf27a+W2g==",
      "dev": true,
      "license": "MIT"
    },
    "node_modules/minimatch": {
      "version": "9.0.9",
      "resolved": "https://registry.npmmirror.com/minimatch/-/minimatch-9.0.9.tgz",
      "integrity": "sha512-OBwBN9AL4dqmETlpS2zasx+vTeWclWzkblfZk7KTA5j3jeOONz/tRCnZomUyvNg83wL5Zv9Ss6HMJXAgL8R2Yg==",
      "dev": true,
      "license": "ISC",
      "dependencies": {
        "brace-expansion": "^2.0.2"
      },
      "engines": {
        "node": ">=16 || 14 >=14.17"
      },
      "funding": {
        "url": "https://github.com/sponsors/isaacs"
      }
    },
    "node_modules/mitt": {
      "version": "3.0.1",
      "resolved": "https://registry.npmmirror.com/mitt/-/mitt-3.0.1.tgz",
      "integrity": "sha512-vKivATfr97l2/QBCYAkXYDbrIWPM2IIKEl7YPhjCvKlG3kE2gm+uBo6nEXK3M5/Ffh/FLpKExzOQ3JJoJGFKBw==",
      "license": "MIT"
    },
    "node_modules/muggle-string": {
      "version": "0.4.1",
      "resolved": "https://registry.npmmirror.com/muggle-string/-/muggle-string-0.4.1.tgz",
      "integrity": "sha512-VNTrAak/KhO2i8dqqnqnAHOa3cYBwXEZe9h+D5h/1ZqFSTEFHdM65lR7RoIqq3tBBYavsOXV84NoHXZ0AkPyqQ==",
      "dev": true,
      "license": "MIT"
    },
    "node_modules/nanoid": {
      "version": "3.3.12",
      "resolved": "https://registry.npmmirror.com/nanoid/-/nanoid-3.3.12.tgz",
      "integrity": "sha512-ZB9RH/39qpq5Vu6Y+NmUaFhQR6pp+M2Xt76XBnEwDaGcVAqhlvxrl3B2bKS5D3NH3QR76v3aSrKaF/Kiy7lEtQ==",
      "funding": [
        {
          "type": "github",
          "url": "https://github.com/sponsors/ai"
        }
      ],
      "license": "MIT",
      "bin": {
        "nanoid": "bin/nanoid.cjs"
      },
      "engines": {
        "node": "^10 || ^12 || ^13.7 || ^14 || >=15.0.1"
      }
    },
    "node_modules/path-browserify": {
      "version": "1.0.1",
      "resolved": "https://registry.npmmirror.com/path-browserify/-/path-browserify-1.0.1.tgz",
      "integrity": "sha512-b7uo2UCUOYZcnF/3ID0lulOJi/bafxa1xPe7ZPsammBSpjSWQkjNxlt635YGS2MiR9GjvuXCtz2emr3jbsz98g==",
      "dev": true,
      "license": "MIT"
    },
    "node_modules/perfect-debounce": {
      "version": "1.0.0",
      "resolved": "https://registry.npmmirror.com/perfect-debounce/-/perfect-debounce-1.0.0.tgz",
      "integrity": "sha512-xCy9V055GLEqoFaHoC1SoLIaLmWctgCUaBaWxDZ7/Zx4CTyX7cJQLJOok/orfjZAh9kEYpjJa4d0KcJmCbctZA==",
      "license": "MIT"
    },
    "node_modules/picocolors": {
      "version": "1.1.1",
      "resolved": "https://registry.npmmirror.com/picocolors/-/picocolors-1.1.1.tgz",
      "integrity": "sha512-xceH2snhtb5M9liqDsmEw56le376mTZkEX/jEb/RxNFyegNul7eNslCXP9FDj/Lcu0X8KEyMceP2ntpaHrDEVA==",
      "license": "ISC"
    },
    "node_modules/postcss": {
      "version": "8.5.14",
      "resolved": "https://registry.npmmirror.com/postcss/-/postcss-8.5.14.tgz",
      "integrity": "sha512-SoSL4+OSEtR99LHFZQiJLkT59C5B1amGO1NzTwj7TT1qCUgUO6hxOvzkOYxD+vMrXBM3XJIKzokoERdqQq/Zmg==",
      "funding": [
        {
          "type": "opencollective",
          "url": "https://opencollective.com/postcss/"
        },
        {
          "type": "tidelift",
          "url": "https://tidelift.com/funding/github/npm/postcss"
        },
        {
          "type": "github",
          "url": "https://github.com/sponsors/ai"
        }
      ],
      "license": "MIT",
      "dependencies": {
        "nanoid": "^3.3.11",
        "picocolors": "^1.1.1",
        "source-map-js": "^1.2.1"
      },
      "engines": {
        "node": "^10 || ^12 || >=14"
      }
    },
    "node_modules/radashi": {
      "version": "12.9.0",
      "resolved": "https://registry.npmmirror.com/radashi/-/radashi-12.9.0.tgz",
      "integrity": "sha512-a0VUpLVwlZKLCE+JP5bBG4kN8oEfe2+wn9zF6HcUXvHGRNBYQXdqlHksYAVIxranbLcSWuXqMpAbgTnF/dyG4A==",
      "license": "MIT",
      "engines": {
        "node": ">=16.0.0"
      }
    },
    "node_modules/rfdc": {
      "version": "1.4.1",
      "resolved": "https://registry.npmmirror.com/rfdc/-/rfdc-1.4.1.tgz",
      "integrity": "sha512-q1b3N5QkRUWUl7iyylaaj3kOpIT0N2i9MqIEQXP73GVsN9cw3fdx8X63cEmWhJGi2PPCF23Ijp7ktmd39rawIA==",
      "license": "MIT"
    },
    "node_modules/source-map-js": {
      "version": "1.2.1",
      "resolved": "https://registry.npmmirror.com/source-map-js/-/source-map-js-1.2.1.tgz",
      "integrity": "sha512-UXWMKhLOwVKb728IUtQPXxfYU+usdybtUrK/8uGE8CQMvrhOpwvzDBwj0QhSL7MQc7vIsISBG8VQ8+IDQxpfQA==",
      "license": "BSD-3-Clause",
      "engines": {
        "node": ">=0.10.0"
      }
    },
    "node_modules/speakingurl": {
      "version": "14.0.1",
      "resolved": "https://registry.npmmirror.com/speakingurl/-/speakingurl-14.0.1.tgz",
      "integrity": "sha512-1POYv7uv2gXoyGFpBCmpDVSNV74IfsWlDW216UPjbWufNf+bSU6GdbDsxdcxtfwb4xlI3yxzOTKClUosxARYrQ==",
      "license": "BSD-3-Clause",
      "engines": {
        "node": ">=0.10.0"
      }
    },
    "node_modules/superjson": {
      "version": "2.2.6",
      "resolved": "https://registry.npmmirror.com/superjson/-/superjson-2.2.6.tgz",
      "integrity": "sha512-H+ue8Zo4vJmV2nRjpx86P35lzwDT3nItnIsocgumgr0hHMQ+ZGq5vrERg9kJBo5AWGmxZDhzDo+WVIJqkB0cGA==",
      "license": "MIT",
      "dependencies": {
        "copy-anything": "^4"
      },
      "engines": {
        "node": ">=16"
      }
    },
    "node_modules/three": {
      "version": "0.183.2",
      "resolved": "https://registry.npmmirror.com/three/-/three-0.183.2.tgz",
      "integrity": "sha512-di3BsL2FEQ1PA7Hcvn4fyJOlxRRgFYBpMTcyOgkwJIaDOdJMebEFPA+t98EvjuljDx4hNulAGwF6KIjtwI5jgQ==",
      "license": "MIT"
    },
    "node_modules/typescript": {
      "version": "5.9.3",
      "resolved": "https://registry.npmmirror.com/typescript/-/typescript-5.9.3.tgz",
      "integrity": "sha512-jl1vZzPDinLr9eUt3J/t7V6FgNEw9QjvBPdysz9KfQDD41fQrC2Y4vKQdiaUpFT4bXlb1RHhLpp8wtm6M5TgSw==",
      "devOptional": true,
      "license": "Apache-2.0",
      "bin": {
        "tsc": "bin/tsc",
        "tsserver": "bin/tsserver"
      },
      "engines": {
        "node": ">=14.17"
      }
    },
    "node_modules/vscode-uri": {
      "version": "3.1.0",
      "resolved": "https://registry.npmmirror.com/vscode-uri/-/vscode-uri-3.1.0.tgz",
      "integrity": "sha512-/BpdSx+yCQGnCvecbyXdxHDkuk55/G3xwnC0GqY4gmQ3j+A+g8kzzgB4Nk/SINjqn6+waqw3EgbVF2QKExkRxQ==",
      "dev": true,
      "license": "MIT"
    },
    "node_modules/vue": {
      "version": "3.5.34",
      "resolved": "https://registry.npmmirror.com/vue/-/vue-3.5.34.tgz",
      "integrity": "sha512-WdLBG9gm02OgJIG9axd5Hpx0TFLdzVgfG2evFFu8Rur5O/IoGc5cMjnjh3tPL6GnRGsYvUhBSKVPYVcxRKpMCA==",
      "license": "MIT",
      "dependencies": {
        "@vue/compiler-dom": "3.5.34",
        "@vue/compiler-sfc": "3.5.34",
        "@vue/runtime-dom": "3.5.34",
        "@vue/server-renderer": "3.5.34",
        "@vue/shared": "3.5.34"
      },
      "peerDependencies": {
        "typescript": "*"
      },
      "peerDependenciesMeta": {
        "typescript": {
          "optional": true
        }
      }
    },
    "node_modules/vue-tsc": {
      "version": "2.2.12",
      "resolved": "https://registry.npmmirror.com/vue-tsc/-/vue-tsc-2.2.12.tgz",
      "integrity": "sha512-P7OP77b2h/Pmk+lZdJ0YWs+5tJ6J2+uOQPo7tlBnY44QqQSPYvS0qVT4wqDJgwrZaLe47etJLLQRFia71GYITw==",
      "dev": true,
      "license": "MIT",
      "dependencies": {
        "@volar/typescript": "2.4.15",
        "@vue/language-core": "2.2.12"
      },
      "bin": {
        "vue-tsc": "bin/vue-tsc.js"
      },
      "peerDependencies": {
        "typescript": ">=5.0.0"
      }
    }
  }
}
